
Microsoft Visual Studio Solution File, Format Version 12.00
# Visual Studio Version 17
VisualStudioVersion = 17.11.35327.3
MinimumVisualStudioVersion = 10.0.40219.1
Project("{FAE04EC0-301F-11D3-BF4B-00C04F79EFBC}") = "emailer", "emailer\emailer.csproj", "{44FADD32-1E60-4BD8-86CA-736886AB5183}"
EndProject
Global
	GlobalSection(SolutionConfigurationPlatforms) = preSolution
		Debug|Any CPU = Debug|Any CPU
		Debug|x64 = Debug|x64
		Debug|x86 = Debug|x86
		Release|Any CPU = Release|Any CPU
		Release|x64 = Release|x64
		Release|x86 = Release|x86
	EndGlobalSection
	GlobalSection(ProjectConfigurationPlatforms) = postSolution
		{44FADD32-1E60-4BD8-86CA-736886AB5183}.Debug|Any CPU.ActiveCfg = Debug|Any CPU
		{44FADD32-1E60-4BD8-86CA-736886AB5183}.Debug|Any CPU.Build.0 = Debug|Any CPU
		{44FADD32-1E60-4BD8-86CA-736886AB5183}.Debug|x64.ActiveCfg = Debug|x64
		{44FADD32-1E60-4BD8-86CA-736886AB5183}.Debug|x64.Build.0 = Debug|x64
		{44FADD32-1E60-4BD8-86CA-736886AB5183}.Debug|x86.ActiveCfg = Debug|x86
		{44FADD32-1E60-4BD8-86CA-736886AB5183}.Debug|x86.Build.0 = Debug|x86
		{44FADD32-1E60-4BD8-86CA-736886AB5183}.Release|Any CPU.ActiveCfg = Release|Any CPU
		{44FADD32-1E60-4BD8-86CA-736886AB5183}.Release|Any CPU.Build.0 = Release|Any CPU
		{44FADD32-1E60-4BD8-86CA-736886AB5183}.Release|x64.ActiveCfg = Release|x64
		{44FADD32-1E60-4BD8-86CA-736886AB5183}.Release|x64.Build.0 = Release|x64
		{44FADD32-1E60-4BD8-86CA-736886AB5183}.Release|x86.ActiveCfg = Release|x86
		{44FADD32-1E60-4BD8-86CA-736886AB5183}.Release|x86.Build.0 = Release|x86
	EndGlobalSection
	GlobalSection(SolutionProperties) = preSolution
		HideSolutionNode = FALSE
	EndGlobalSection
	GlobalSection(ExtensibilityGlobals) = postSolution
		SolutionGuid = {3C2089EC-10A9-42A1-BFF2-F3D42B34B50D}
	EndGlobalSection
EndGlobal
